
Microsoft Visual Studio Solution File, Format Version 12.00
# Visual Studio 15
VisualStudioVersion = 15.0.28010.2041
MinimumVisualStudioVersion = 10.0.40219.1
Project("{FAE04EC0-301F-11D3-BF4B-00C04F79EFBC}") = "grafos", "grafos\grafos.csproj", "{A650871F-D558-4FA2-9299-C1BF10BD02EC}"
EndProject
Global
	GlobalSection(SolutionConfigurationPlatforms) = preSolution
		Debug|Any CPU = Debug|Any CPU
		Release|Any CPU = Release|Any CPU
	EndGlobalSection
	GlobalSection(ProjectConfigurationPlatforms) = postSolution
		{A650871F-D558-4FA2-9299-C1BF10BD02EC}.Debug|Any CPU.ActiveCfg = Debug|Any CPU
		{A650871F-D558-4FA2-9299-C1BF10BD02EC}.Debug|Any CPU.Build.0 = Debug|Any CPU
		{A650871F-D558-4FA2-9299-C1BF10BD02EC}.Release|Any CPU.ActiveCfg = Release|Any CPU
		{A650871F-D558-4FA2-9299-C1BF10BD02EC}.Release|Any CPU.Build.0 = Release|Any CPU
	EndGlobalSection
	GlobalSection(SolutionProperties) = preSolution
		HideSolutionNode = FALSE
	EndGlobalSection
	GlobalSection(ExtensibilityGlobals) = postSolution
		SolutionGuid = {568FC5B0-F46D-4FFE-BAC9-6A1F66577617}
	EndGlobalSection
EndGlobal
